
Microsoft Visual Studio Solution File, Format Version 12.00
# Visual Studio 15
VisualStudioVersion = 15.0.28307.1145
MinimumVisualStudioVersion = 10.0.40219.1
Project("{FAE04EC0-301F-11D3-BF4B-00C04F79EFBC}") = "ProFinancialM", "ProFinancialM\ProFinancialM.csproj", "{999BE17D-C9DF-41E4-89F7-21B56877D80C}"
EndProject
Global
	GlobalSection(SolutionConfigurationPlatforms) = preSolution
		Debug|Any CPU = Debug|Any CPU
		Release|Any CPU = Release|Any CPU
	EndGlobalSection
	GlobalSection(ProjectConfigurationPlatforms) = postSolution
		{999BE17D-C9DF-41E4-89F7-21B56877D80C}.Debug|Any CPU.ActiveCfg = Debug|Any CPU
		{999BE17D-C9DF-41E4-89F7-21B56877D80C}.Debug|Any CPU.Build.0 = Debug|Any CPU
		{999BE17D-C9DF-41E4-89F7-21B56877D80C}.Release|Any CPU.ActiveCfg = Release|Any CPU
		{999BE17D-C9DF-41E4-89F7-21B56877D80C}.Release|Any CPU.Build.0 = Release|Any CPU
	EndGlobalSection
	GlobalSection(SolutionProperties) = preSolution
		HideSolutionNode = FALSE
	EndGlobalSection
	GlobalSection(ExtensibilityGlobals) = postSolution
		SolutionGuid = {55119A7D-0157-4D45-AC44-977101D3F53F}
	EndGlobalSection
EndGlobal
